// !$*UTF8*$!
{
	archiveVersion = 1;
	classes = {
	};
	objectVersion = 46;
	objects = {

/* Begin PBXBuildFile section */
		561225221E8DC70C000D318F /* ToDoListTableViewCell.swift in Sources */ = {isa = PBXBuildFile; fileRef = 561225211E8DC70C000D318F /* ToDoListTableViewCell.swift */; };
		561225371E8DE4A0000D318F /* AddViewController.swift in Sources */ = {isa = PBXBuildFile; fileRef = 561225361E8DE4A0000D318F /* AddViewController.swift */; };
		56B1EDC91E8D918400887DB3 /* AppDelegate.swift in Sources */ = {isa = PBXBuildFile; fileRef = 56B1EDC81E8D918400887DB3 /* AppDelegate.swift */; };
		56B1EDCE1E8D918400887DB3 /* Main.storyboard in Resources */ = {isa = PBXBuildFile; fileRef = 56B1EDCC1E8D918400887DB3 /* Main.storyboard */; };
		56B1EDD01E8D918400887DB3 /* Assets.xcassets in Resources */ = {isa = PBXBuildFile; fileRef = 56B1EDCF1E8D918400887DB3 /* Assets.xcassets */; };
		56B1EDD31E8D918400887DB3 /* LaunchScreen.storyboard in Resources */ = {isa = PBXBuildFile; fileRef = 56B1EDD11E8D918400887DB3 /* LaunchScreen.storyboard */; };
		56B1EDDE1E8D918400887DB3 /* ToDoListTests.swift in Sources */ = {isa = PBXBuildFile; fileRef = 56B1EDDD1E8D918400887DB3 /* ToDoListTests.swift */; };
		56B1EDE91E8D918400887DB3 /* ToDoListUITests.swift in Sources */ = {isa = PBXBuildFile; fileRef = 56B1EDE81E8D918400887DB3 /* ToDoListUITests.swift */; };
		56B1EDF71E8D91AE00887DB3 /* ToDoListTableViewController.swift in Sources */ = {isa = PBXBuildFile; fileRef = 56B1EDF61E8D91AE00887DB3 /* ToDoListTableViewController.swift */; };
/* End PBXBuildFile section */

/* Begin PBXContainerItemProxy section */
		56B1EDDA1E8D918400887DB3 /* PBXContainerItemProxy */ = {
			isa = PBXContainerItemProxy;
			containerPortal = 56B1EDBD1E8D918400887DB3 /* Project object */;
			proxyType = 1;
			remoteGlobalIDString = 56B1EDC41E8D918400887DB3;
			remoteInfo = ToDoList;
		};
		56B1EDE51E8D918400887DB3 /* PBXContainerItemProxy */ = {
			isa = PBXContainerItemProxy;
			containerPortal = 56B1EDBD1E8D918400887DB3 /* Project object */;
			proxyType = 1;
			remoteGlobalIDString = 56B1EDC41E8D918400887DB3;
			remoteInfo = ToDoList;
		};
/* End PBXContainerItemProxy section */

/* Begin PBXFileReference section */
		561225211E8DC70C000D318F /* ToDoListTableViewCell.swift */ = {isa = PBXFileReference; fileEncoding = 4; lastKnownFileType = sourcecode.swift; path = ToDoListTableViewCell.swift; sourceTree = "<group>"; };
		561225361E8DE4A0000D318F /* AddViewController.swift */ = {isa = PBXFileReference; fileEncoding = 4; lastKnownFileType = sourcecode.swift; path = AddViewController.swift; sourceTree = "<group>"; };
		56B1EDC51E8D918400887DB3 /* ToDoList.app */ = {isa = PBXFileReference; explicitFileType = wrapper.application; includeInIndex = 0; path = ToDoList.app; sourceTree = BUILT_PRODUCTS_DIR; };
		56B1EDC81E8D918400887DB3 /* AppDelegate.swift */ = {isa = PBXFileReference; lastKnownFileType = sourcecode.swift; path = AppDelegate.swift; sourceTree = "<group>"; };
		56B1EDCD1E8D918400887DB3 /* Base */ = {isa = PBXFileReference; lastKnownFileType = file.storyboard; name = Base; path = Base.lproj/Main.storyboard; sourceTree = "<group>"; };
		56B1EDCF1E8D918400887DB3 /* Assets.xcassets */ = {isa = PBXFileReference; lastKnownFileType = folder.assetcatalog; path = Assets.xcassets; sourceTree = "<group>"; };
		56B1EDD21E8D918400887DB3 /* Base */ = {isa = PBXFileReference; lastKnownFileType = file.storyboard; name = Base; path = Base.lproj/LaunchScreen.storyboard; sourceTree = "<group>"; };
		56B1EDD41E8D918400887DB3 /* Info.plist */ = {isa = PBXFileReference; lastKnownFileType = text.plist.xml; path = Info.plist; sourceTree = "<group>"; };
		56B1EDD91E8D918400887DB3 /* ToDoListTests.xctest */ = {isa = PBXFileReference; explicitFileType = wrapper.cfbundle; includeInIndex = 0; path = ToDoListTests.xctest; sourceTree = BUILT_PRODUCTS_DIR; };
		56B1EDDD1E8D918400887DB3 /* ToDoListTests.swift */ = {isa = PBXFileReference; lastKnownFileType = sourcecode.swift; path = ToDoListTests.swift; sourceTree = "<group>"; };
		56B1EDDF1E8D918400887DB3 /* Info.plist */ = {isa = PBXFileReference; lastKnownFileType = text.plist.xml; path = Info.plist; sourceTree = "<group>"; };
		56B1EDE41E8D918400887DB3 /* ToDoListUITests.xctest */ = {isa = PBXFileReference; explicitFileType = wrapper.cfbundle; includeInIndex = 0; path = ToDoListUITests.xctest; sourceTree = BUILT_PRODUCTS_DIR; };
		56B1EDE81E8D918400887DB3 /* ToDoListUITests.swift */ = {isa = PBXFileReference; lastKnownFileType = sourcecode.swift; path = ToDoListUITests.swift; sourceTree = "<group>"; };
		56B1EDEA1E8D918400887DB3 /* Info.plist */ = {isa = PBXFileReference; lastKnownFileType = text.plist.xml; path = Info.plist; sourceTree = "<group>"; };
		56B1EDF61E8D91AE00887DB3 /* ToDoListTableViewController.swift */ = {isa = PBXFileReference; fileEncoding = 4; lastKnownFileType = sourcecode.swift; path = ToDoListTableViewController.swift; sourceTree = "<group>"; };
/* End PBXFileReference section */

/* Begin PBXFrameworksBuildPhase section */
		56B1EDC21E8D918400887DB3 /* Frameworks */ = {
			isa = PBXFrameworksBuildPhase;
			buildActionMask = 2147483647;
			files = (
			);
			runOnlyForDeploymentPostprocessing = 0;
		};
		56B1EDD61E8D918400887DB3 /* Frameworks */ = {
			isa = PBXFrameworksBuildPhase;
			buildActionMask = 2147483647;
			files = (
			);
			runOnlyForDeploymentPostprocessing = 0;
		};
		56B1EDE11E8D918400887DB3 /* Frameworks */ = {
			isa = PBXFrameworksBuildPhase;
			buildActionMask = 2147483647;
			files = (
			);
			runOnlyForDeploymentPostprocessing = 0;
		};
/* End PBXFrameworksBuildPhase section */

/* Begin PBXGroup section */
		56B1EDBC1E8D918400887DB3 = {
			isa = PBXGroup;
			children = (
				56B1EDC71E8D918400887DB3 /* ToDoList */,
				56B1EDDC1E8D918400887DB3 /* ToDoListTests */,
				56B1EDE71E8D918400887DB3 /* ToDoListUITests */,
				56B1EDC61E8D918400887DB3 /* Products */,
			);
			sourceTree = "<group>";
		};
		56B1EDC61E8D918400887DB3 /* Products */ = {
			isa = PBXGroup;
			children = (
				56B1EDC51E8D918400887DB3 /* ToDoList.app */,
				56B1EDD91E8D918400887DB3 /* ToDoListTests.xctest */,
				56B1EDE41E8D918400887DB3 /* ToDoListUITests.xctest */,
			);
			name = Products;
			sourceTree = "<group>";
		};
		56B1EDC71E8D918400887DB3 /* ToDoList */ = {
			isa = PBXGroup;
			children = (
				56B1EDC81E8D918400887DB3 /* AppDelegate.swift */,
				56B1EDCC1E8D918400887DB3 /* Main.storyboard */,
				56B1EDCF1E8D918400887DB3 /* Assets.xcassets */,
				56B1EDD11E8D918400887DB3 /* LaunchScreen.storyboard */,
				56B1EDD41E8D918400887DB3 /* Info.plist */,
				56B1EDF61E8D91AE00887DB3 /* ToDoListTableViewController.swift */,
				561225211E8DC70C000D318F /* ToDoListTableViewCell.swift */,
				561225361E8DE4A0000D318F /* AddViewController.swift */,
			);
			path = ToDoList;
			sourceTree = "<group>";
		};
		56B1EDDC1E8D918400887DB3 /* ToDoListTests */ = {
			isa = PBXGroup;
			children = (
				56B1EDDD1E8D918400887DB3 /* ToDoListTests.swift */,
				56B1EDDF1E8D918400887DB3 /* Info.plist */,
			);
			path = ToDoListTests;
			sourceTree = "<group>";
		};
		56B1EDE71E8D918400887DB3 /* ToDoListUITests */ = {
			isa = PBXGroup;
			children = (
				56B1EDE81E8D918400887DB3 /* ToDoListUITests.swift */,
				56B1EDEA1E8D918400887DB3 /* Info.plist */,
			);
			path = ToDoListUITests;
			sourceTree = "<group>";
		};
/* End PBXGroup section */

/* Begin PBXNativeTarget section */
		56B1EDC41E8D918400887DB3 /* ToDoList */ = {
			isa = PBXNativeTarget;
			buildConfigurationList = 56B1EDED1E8D918400887DB3 /* Build configuration list for PBXNativeTarget "ToDoList" */;
			buildPhases = (
				56B1EDC11E8D918400887DB3 /* Sources */,
				56B1EDC21E8D918400887DB3 /* Frameworks */,
				56B1EDC31E8D918400887DB3 /* Resources */,
			);
			buildRules = (
			);
			dependencies = (
			);
			name = ToDoList;
			productName = ToDoList;
			productReference = 56B1EDC51E8D918400887DB3 /* ToDoList.app */;
			productType = "com.apple.product-type.application";
		};
		56B1EDD81E8D918400887DB3 /* ToDoListTests */ = {
			isa = PBXNativeTarget;
			buildConfigurationList = 56B1EDF01E8D918400887DB3 /* Build configuration list for PBXNativeTarget "ToDoListTests" */;
			buildPhases = (
				56B1EDD51E8D918400887DB3 /* Sources */,
				56B1EDD61E8D918400887DB3 /* Frameworks */,
				56B1EDD71E8D918400887DB3 /* Resources */,
			);
			buildRules = (
			);
			dependencies = (
				56B1EDDB1E8D918400887DB3 /* PBXTargetDependency */,
			);
			name = ToDoListTests;
			productName = ToDoListTests;
			productReference = 56B1EDD91E8D918400887DB3 /* ToDoListTests.xctest */;
			productType = "com.apple.product-type.bundle.unit-test";
		};
		56B1EDE31E8D918400887DB3 /* ToDoListUITests */ = {
			isa = PBXNativeTarget;
			buildConfigurationList = 56B1EDF31E8D918400887DB3 /* Build configuration list for PBXNativeTarget "ToDoListUITests" */;
			buildPhases = (
				56B1EDE01E8D918400887DB3 /* Sources */,
				56B1EDE11E8D918400887DB3 /* Frameworks */,
				56B1EDE21E8D918400887DB3 /* Resources */,
			);
			buildRules = (
			);
			dependencies = (
				56B1EDE61E8D918400887DB3 /* PBXTargetDependency */,
			);
			name = ToDoListUITests;
			productName = ToDoListUITests;
			productReference = 56B1EDE41E8D918400887DB3 /* ToDoListUITests.xctest */;
			productType = "com.apple.product-type.bundle.ui-testing";
		};
/* End PBXNativeTarget section */

/* Begin PBXProject section */
		56B1EDBD1E8D918400887DB3 /* Project object */ = {
			isa = PBXProject;
			attributes = {
				LastSwiftUpdateCheck = 0830;
				LastUpgradeCheck = 0830;
				ORGANIZATIONNAME = "Derek Han";
				TargetAttributes = {
					56B1EDC41E8D918400887DB3 = {
						CreatedOnToolsVersion = 8.3;
						DevelopmentTeam = 29JSJR2G6U;
						ProvisioningStyle = Automatic;
					};
					56B1EDD81E8D918400887DB3 = {
						CreatedOnToolsVersion = 8.3;
						DevelopmentTeam = 29JSJR2G6U;
						ProvisioningStyle = Automatic;
						TestTargetID = 56B1EDC41E8D918400887DB3;
					};
					56B1EDE31E8D918400887DB3 = {
						CreatedOnToolsVersion = 8.3;
						DevelopmentTeam = 29JSJR2G6U;
						ProvisioningStyle = Automatic;
						TestTargetID = 56B1EDC41E8D918400887DB3;
					};
				};
			};
			buildConfigurationList = 56B1EDC01E8D918400887DB3 /* Build configuration list for PBXProject "ToDoList" */;
			compatibilityVersion = "Xcode 3.2";
			developmentRegion = English;
			hasScannedForEncodings = 0;
			knownRegions = (
				en,
				Base,
			);
			mainGroup = 56B1EDBC1E8D918400887DB3;
			productRefGroup = 56B1EDC61E8D918400887DB3 /* Products */;
			projectDirPath = "";
			projectRoot = "";
			targets = (
				56B1EDC41E8D918400887DB3 /* ToDoList */,
				56B1EDD81E8D918400887DB3 /* ToDoListTests */,
				56B1EDE31E8D918400887DB3 /* ToDoListUITests */,
			);
		};
/* End PBXProject section */

/* Begin PBXResourcesBuildPhase section */
		56B1EDC31E8D918400887DB3 /* Resources */ = {
			isa = PBXResourcesBuildPhase;
			buildActionMask = 2147483647;
			files = (
				56B1EDD31E8D918400887DB3 /* LaunchScreen.storyboard in Resources */,
				56B1EDD01E8D918400887DB3 /* Assets.xcassets in Resources */,
				56B1EDCE1E8D918400887DB3 /* Main.storyboard in Resources */,
			);
			runOnlyForDeploymentPostprocessing = 0;
		};
		56B1EDD71E8D918400887DB3 /* Resources */ = {
			isa = PBXResourcesBuildPhase;
			buildActionMask = 2147483647;
			files = (
			);
			runOnlyForDeploymentPostprocessing = 0;
		};
		56B1EDE21E8D918400887DB3 /* Resources */ = {
			isa = PBXResourcesBuildPhase;
			buildActionMask = 2147483647;
			files = (
			);
			runOnlyForDeploymentPostprocessing = 0;
		};
/* End PBXResourcesBuildPhase section */

/* Begin PBXSourcesBuildPhase section */
		56B1EDC11E8D918400887DB3 /* Sources */ = {
			isa = PBXSourcesBuildPhase;
			buildActionMask = 2147483647;
			files = (
				56B1EDC91E8D918400887DB3 /* AppDelegate.swift in Sources */,
				561225221E8DC70C000D318F /* ToDoListTableViewCell.swift in Sources */,
				561225371E8DE4A0000D318F /* AddViewController.swift in Sources */,
				56B1EDF71E8D91AE00887DB3 /* ToDoListTableViewController.swift in Sources */,
			);
			runOnlyForDeploymentPostprocessing = 0;
		};
		56B1EDD51E8D918400887DB3 /* Sources */ = {
			isa = PBXSourcesBuildPhase;
			buildActionMask = 2147483647;
			files = (
				56B1EDDE1E8D918400887DB3 /* ToDoListTests.swift in Sources */,
			);
			runOnlyForDeploymentPostprocessing = 0;
		};
		56B1EDE01E8D918400887DB3 /* Sources */ = {
			isa = PBXSourcesBuildPhase;
			buildActionMask = 2147483647;
			files = (
				56B1EDE91E8D918400887DB3 /* ToDoListUITests.swift in Sources */,
			);
			runOnlyForDeploymentPostprocessing = 0;
		};
/* End PBXSourcesBuildPhase section */

/* Begin PBXTargetDependency section */
		56B1EDDB1E8D918400887DB3 /* PBXTargetDependency */ = {
			isa = PBXTargetDependency;
			target = 56B1EDC41E8D918400887DB3 /* ToDoList */;
			targetProxy = 56B1EDDA1E8D918400887DB3 /* PBXContainerItemProxy */;
		};
		56B1EDE61E8D918400887DB3 /* PBXTargetDependency */ = {
			isa = PBXTargetDependency;
			target = 56B1EDC41E8D918400887DB3 /* ToDoList */;
			targetProxy = 56B1EDE51E8D918400887DB3 /* PBXContainerItemProxy */;
		};
/* End PBXTargetDependency section */

/* Begin PBXVariantGroup section */
		56B1EDCC1E8D918400887DB3 /* Main.storyboard */ = {
			isa = PBXVariantGroup;
			children = (
				56B1EDCD1E8D918400887DB3 /* Base */,
			);
			name = Main.storyboard;
			sourceTree = "<group>";
		};
		56B1EDD11E8D918400887DB3 /* LaunchScreen.storyboard */ = {
			isa = PBXVariantGroup;
			children = (
				56B1EDD21E8D918400887DB3 /* Base */,
			);
			name = LaunchScreen.storyboard;
			sourceTree = "<group>";
		};
/* End PBXVariantGroup section */

/* Begin XCBuildConfiguration section */
		56B1EDEB1E8D918400887DB3 /* Debug */ = {
			isa = XCBuildConfiguration;
			buildSettings = {
				ALWAYS_SEARCH_USER_PATHS = NO;
				CLANG_ANALYZER_NONNULL = YES;
				CLANG_ANALYZER_NUMBER_OBJECT_CONVERSION = YES_AGGRESSIVE;
				CLANG_CXX_LANGUAGE_STANDARD = "gnu++0x";
				CLANG_CXX_LIBRARY = "libc++";
				CLANG_ENABLE_MODULES = YES;
				CLANG_ENABLE_OBJC_ARC = YES;
				CLANG_WARN_BOOL_CONVERSION = YES;
				CLANG_WARN_CONSTANT_CONVERSION = YES;
				CLANG_WARN_DIRECT_OBJC_ISA_USAGE = YES_ERROR;
				CLANG_WARN_DOCUMENTATION_COMMENTS = YES;
				CLANG_WARN_EMPTY_BODY = YES;
				CLANG_WARN_ENUM_CONVERSION = YES;
				CLANG_WARN_INFINITE_RECURSION = YES;
				CLANG_WARN_INT_CONVERSION = YES;
				CLANG_WARN_OBJC_ROOT_CLASS = YES_ERROR;
				CLANG_WARN_SUSPICIOUS_MOVE = YES;
				CLANG_WARN_UNREACHABLE_CODE = YES;
				CLANG_WARN__DUPLICATE_METHOD_MATCH = YES;
				"CODE_SIGN_IDENTITY[sdk=iphoneos*]" = "iPhone Developer";
				COPY_PHASE_STRIP = NO;
				DEBUG_INFORMATION_FORMAT = dwarf;
				ENABLE_STRICT_OBJC_MSGSEND = YES;
				ENABLE_TESTABILITY = YES;
				GCC_C_LANGUAGE_STANDARD = gnu99;
				GCC_DYNAMIC_NO_PIC = NO;
				GCC_NO_COMMON_BLOCKS = YES;
				GCC_OPTIMIZATION_LEVEL = 0;
				GCC_PREPROCESSOR_DEFINITIONS = (
					"DEBUG=1",
					"$(inherited)",
				);
				GCC_WARN_64_TO_32_BIT_CONVERSION = YES;
				GCC_WARN_ABOUT_RETURN_TYPE = YES_ERROR;
				GCC_WARN_UNDECLARED_SELECTOR = YES;
				GCC_WARN_UNINITIALIZED_AUTOS = YES_AGGRESSIVE;
				GCC_WARN_UNUSED_FUNCTION = YES;
				GCC_WARN_UNUSED_VARIABLE = YES;
				IPHONEOS_DEPLOYMENT_TARGET = 10.3;
				MTL_ENABLE_DEBUG_INFO = YES;
				ONLY_ACTIVE_ARCH = YES;
				SDKROOT = iphoneos;
				SWIFT_ACTIVE_COMPILATION_CONDITIONS = DEBUG;
				SWIFT_OPTIMIZATION_LEVEL = "-Onone";
				TARGETED_DEVICE_FAMILY = "1,2";
			};
			name = Debug;
		};
		56B1EDEC1E8D918400887DB3 /* Release */ = {
			isa = XCBuildConfiguration;
			buildSettings = {
				ALWAYS_SEARCH_USER_PATHS = NO;
				CLANG_ANALYZER_NONNULL = YES;
				CLANG_ANALYZER_NUMBER_OBJECT_CONVERSION = YES_AGGRESSIVE;
				CLANG_CXX_LANGUAGE_STANDARD = "gnu++0x";
				CLANG_CXX_LIBRARY = "libc++";
				CLANG_ENABLE_MODULES = YES;
				CLANG_ENABLE_OBJC_ARC = YES;
				CLANG_WARN_BOOL_CONVERSION = YES;
				CLANG_WARN_CONSTANT_CONVERSION = YES;
				CLANG_WARN_DIRECT_OBJC_ISA_USAGE = YES_ERROR;
				CLANG_WARN_DOCUMENTATION_COMMENTS = YES;
				CLANG_WARN_EMPTY_BODY = YES;
				CLANG_WARN_ENUM_CONVERSION = YES;
				CLANG_WARN_INFINITE_RECURSION = YES;
				CLANG_WARN_INT_CONVERSION = YES;
				CLANG_WARN_OBJC_ROOT_CLASS = YES_ERROR;
				CLANG_WARN_SUSPICIOUS_MOVE = YES;
				CLANG_WARN_UNREACHABLE_CODE = YES;
				CLANG_WARN__DUPLICATE_METHOD_MATCH = YES;
				"CODE_SIGN_IDENTITY[sdk=iphoneos*]" = "iPhone Developer";
				COPY_PHASE_STRIP = NO;
				DEBUG_INFORMATION_FORMAT = "dwarf-with-dsym";
				ENABLE_NS_ASSERTIONS = NO;
				ENABLE_STRICT_OBJC_MSGSEND = YES;
				GCC_C_LANGUAGE_STANDARD = gnu99;
				GCC_NO_COMMON_BLOCKS = YES;
				GCC_WARN_64_TO_32_BIT_CONVERSION = YES;
				GCC_WARN_ABOUT_RETURN_TYPE = YES_ERROR;
				GCC_WARN_UNDECLARED_SELECTOR = YES;
				GCC_WARN_UNINITIALIZED_AUTOS = YES_AGGRESSIVE;
				GCC_WARN_UNUSED_FUNCTION = YES;
				GCC_WARN_UNUSED_VARIABLE = YES;
				IPHONEOS_DEPLOYMENT_TARGET = 10.3;
				MTL_ENABLE_DEBUG_INFO = NO;
				SDKROOT = iphoneos;
				SWIFT_OPTIMIZATION_LEVEL = "-Owholemodule";
				TARGETED_DEVICE_FAMILY = "1,2";
				VALIDATE_PRODUCT = YES;
			};
			name = Release;
		};
		56B1EDEE1E8D918400887DB3 /* Debug */ = {
			isa = XCBuildConfiguration;
			buildSettings = {
				ASSETCATALOG_COMPILER_APPICON_NAME = AppIcon;
				DEVELOPMENT_TEAM = 29JSJR2G6U;
				INFOPLIST_FILE = ToDoList/Info.plist;
				LD_RUNPATH_SEARCH_PATHS = "$(inherited) @executable_path/Frameworks";
				PRODUCT_BUNDLE_IDENTIFIER = dhan206.uw.edu.ToDoList;
				PRODUCT_NAME = "$(TARGET_NAME)";
				SWIFT_VERSION = 3.0;
			};
			name = Debug;
		};
		56B1EDEF1E8D918400887DB3 /* Release */ = {
			isa = XCBuildConfiguration;
			buildSettings = {
				ASSETCATALOG_COMPILER_APPICON_NAME = AppIcon;
				DEVELOPMENT_TEAM = 29JSJR2G6U;
				INFOPLIST_FILE = ToDoList/Info.plist;
				LD_RUNPATH_SEARCH_PATHS = "$(inherited) @executable_path/Frameworks";
				PRODUCT_BUNDLE_IDENTIFIER = dhan206.uw.edu.ToDoList;
				PRODUCT_NAME = "$(TARGET_NAME)";
				SWIFT_VERSION = 3.0;
			};
			name = Release;
		};
		56B1EDF11E8D918400887DB3 /* Debug */ = {
			isa = XCBuildConfiguration;
			buildSettings = {
				ALWAYS_EMBED_SWIFT_STANDARD_LIBRARIES = YES;
				BUNDLE_LOADER = "$(TEST_HOST)";
				DEVELOPMENT_TEAM = 29JSJR2G6U;
				INFOPLIST_FILE = ToDoListTests/Info.plist;
				LD_RUNPATH_SEARCH_PATHS = "$(inherited) @executable_path/Frameworks @loader_path/Frameworks";
				PRODUCT_BUNDLE_IDENTIFIER = dhan206.uw.edu.ToDoListTests;
				PRODUCT_NAME = "$(TARGET_NAME)";
				SWIFT_VERSION = 3.0;
				TEST_HOST = "$(BUILT_PRODUCTS_DIR)/ToDoList.app/ToDoList";
			};
			name = Debug;
		};
		56B1EDF21E8D918400887DB3 /* Release */ = {
			isa = XCBuildConfiguration;
			buildSettings = {
				ALWAYS_EMBED_SWIFT_STANDARD_LIBRARIES = YES;
				BUNDLE_LOADER = "$(TEST_HOST)";
				DEVELOPMENT_TEAM = 29JSJR2G6U;
				INFOPLIST_FILE = ToDoListTests/Info.plist;
				LD_RUNPATH_SEARCH_PATHS = "$(inherited) @executable_path/Frameworks @loader_path/Frameworks";
				PRODUCT_BUNDLE_IDENTIFIER = dhan206.uw.edu.ToDoListTests;
				PRODUCT_NAME = "$(TARGET_NAME)";
				SWIFT_VERSION = 3.0;
				TEST_HOST = "$(BUILT_PRODUCTS_DIR)/ToDoList.app/ToDoList";
			};
			name = Release;
		};
		56B1EDF41E8D918400887DB3 /* Debug */ = {
			isa = XCBuildConfiguration;
			buildSettings = {
				ALWAYS_EMBED_SWIFT_STANDARD_LIBRARIES = YES;
				DEVELOPMENT_TEAM = 29JSJR2G6U;
				INFOPLIST_FILE = ToDoListUITests/Info.plist;
				LD_RUNPATH_SEARCH_PATHS = "$(inherited) @executable_path/Frameworks @loader_path/Frameworks";
				PRODUCT_BUNDLE_IDENTIFIER = dhan206.uw.edu.ToDoListUITests;
				PRODUCT_NAME = "$(TARGET_NAME)";
				SWIFT_VERSION = 3.0;
				TEST_TARGET_NAME = ToDoList;
			};
			name = Debug;
		};
		56B1EDF51E8D918400887DB3 /* Release */ = {
			isa = XCBuildConfiguration;
			buildSettings = {
				ALWAYS_EMBED_SWIFT_STANDARD_LIBRARIES = YES;
				DEVELOPMENT_TEAM = 29JSJR2G6U;
				INFOPLIST_FILE = ToDoListUITests/Info.plist;
				LD_RUNPATH_SEARCH_PATHS = "$(inherited) @executable_path/Frameworks @loader_path/Frameworks";
				PRODUCT_BUNDLE_IDENTIFIER = dhan206.uw.edu.ToDoListUITests;
				PRODUCT_NAME = "$(TARGET_NAME)";
				SWIFT_VERSION = 3.0;
				TEST_TARGET_NAME = ToDoList;
			};
			name = Release;
		};
/* End XCBuildConfiguration section */

/* Begin XCConfigurationList section */
		56B1EDC01E8D918400887DB3 /* Build configuration list for PBXProject "ToDoList" */ = {
			isa = XCConfigurationList;
			buildConfigurations = (
				56B1EDEB1E8D918400887DB3 /* Debug */,
				56B1EDEC1E8D918400887DB3 /* Release */,
			);
			defaultConfigurationIsVisible = 0;
			defaultConfigurationName = Release;
		};
		56B1EDED1E8D918400887DB3 /* Build configuration list for PBXNativeTarget "ToDoList" */ = {
			isa = XCConfigurationList;
			buildConfigurations = (
				56B1EDEE1E8D918400887DB3 /* Debug */,
				56B1EDEF1E8D918400887DB3 /* Release */,
			);
			defaultConfigurationIsVisible = 0;
			defaultConfigurationName = Release;
		};
		56B1EDF01E8D918400887DB3 /* Build configuration list for PBXNativeTarget "ToDoListTests" */ = {
			isa = XCConfigurationList;
			buildConfigurations = (
				56B1EDF11E8D918400887DB3 /* Debug */,
				56B1EDF21E8D918400887DB3 /* Release */,
			);
			defaultConfigurationIsVisible = 0;
			defaultConfigurationName = Release;
		};
		56B1EDF31E8D918400887DB3 /* Build configuration list for PBXNativeTarget "ToDoListUITests" */ = {
			isa = XCConfigurationList;
			buildConfigurations = (
				56B1EDF41E8D918400887DB3 /* Debug */,
				56B1EDF51E8D918400887DB3 /* Release */,
			);
			defaultConfigurationIsVisible = 0;
			defaultConfigurationName = Release;
		};
/* End XCConfigurationList section */
	};
	rootObject = 56B1EDBD1E8D918400887DB3 /* Project object */;
}
